
Microsoft Visual Studio Solution File, Format Version 12.00
# Visual Studio Version 16
VisualStudioVersion = 16.0.30309.148
MinimumVisualStudioVersion = 10.0.40219.1
Project("{9A19103F-16F7-4668-BE54-9A1E7A4F7556}") = "OAT.Tests", "OAT.Tests\OAT.Tests.csproj", "{DD7A6465-DAEB-407B-8178-E8196E2AFB6A}"
EndProject
Project("{9A19103F-16F7-4668-BE54-9A1E7A4F7556}") = "OAT", "OAT\OAT.csproj", "{9E14DC8E-F742-4579-B88C-9CB4823EA7FB}"
EndProject
Project("{2150E333-8FDC-42A3-9474-1A3956D46DE8}") = "Solution Items", "Solution Items", "{58630612-9FB3-4580-A9EE-DE4CE0DD976D}"
	ProjectSection(SolutionItems) = preProject
		.editorconfig = .editorconfig
	EndProjectSection
EndProject
Global
	GlobalSection(SolutionConfigurationPlatforms) = preSolution
		Debug|Any CPU = Debug|Any CPU
		Release|Any CPU = Release|Any CPU
	EndGlobalSection
	GlobalSection(ProjectConfigurationPlatforms) = postSolution
		{DD7A6465-DAEB-407B-8178-E8196E2AFB6A}.Debug|Any CPU.ActiveCfg = Debug|Any CPU
		{DD7A6465-DAEB-407B-8178-E8196E2AFB6A}.Debug|Any CPU.Build.0 = Debug|Any CPU
		{DD7A6465-DAEB-407B-8178-E8196E2AFB6A}.Release|Any CPU.ActiveCfg = Release|Any CPU
		{DD7A6465-DAEB-407B-8178-E8196E2AFB6A}.Release|Any CPU.Build.0 = Release|Any CPU
		{9E14DC8E-F742-4579-B88C-9CB4823EA7FB}.Debug|Any CPU.ActiveCfg = Debug|Any CPU
		{9E14DC8E-F742-4579-B88C-9CB4823EA7FB}.Debug|Any CPU.Build.0 = Debug|Any CPU
		{9E14DC8E-F742-4579-B88C-9CB4823EA7FB}.Release|Any CPU.ActiveCfg = Release|Any CPU
		{9E14DC8E-F742-4579-B88C-9CB4823EA7FB}.Release|Any CPU.Build.0 = Release|Any CPU
	EndGlobalSection
	GlobalSection(SolutionProperties) = preSolution
		HideSolutionNode = FALSE
	EndGlobalSection
	GlobalSection(ExtensibilityGlobals) = postSolution
		SolutionGuid = {F5FC6031-9A1C-4DB1-8D4A-6C4064AC47D6}
	EndGlobalSection
EndGlobal
